
Microsoft Visual Studio Solution File, Format Version 12.00
# Visual Studio 15
VisualStudioVersion = 15.0.28307.1145
MinimumVisualStudioVersion = 10.0.40219.1
Project("{9A19103F-16F7-4668-BE54-9A1E7A4F7556}") = "OsmReader", "OsmReader.csproj", "{DE537E58-981E-4152-9E32-61326D24B8F0}"
EndProject
Global
	GlobalSection(SolutionConfigurationPlatforms) = preSolution
		Debug|Any CPU = Debug|Any CPU
		Release|Any CPU = Release|Any CPU
	EndGlobalSection
	GlobalSection(ProjectConfigurationPlatforms) = postSolution
		{DE537E58-981E-4152-9E32-61326D24B8F0}.Debug|Any CPU.ActiveCfg = Debug|Any CPU
		{DE537E58-981E-4152-9E32-61326D24B8F0}.Debug|Any CPU.Build.0 = Debug|Any CPU
		{DE537E58-981E-4152-9E32-61326D24B8F0}.Release|Any CPU.ActiveCfg = Release|Any CPU
		{DE537E58-981E-4152-9E32-61326D24B8F0}.Release|Any CPU.Build.0 = Release|Any CPU
	EndGlobalSection
	GlobalSection(SolutionProperties) = preSolution
		HideSolutionNode = FALSE
	EndGlobalSection
	GlobalSection(ExtensibilityGlobals) = postSolution
		SolutionGuid = {579CAFB1-E9F6-4D71-99E2-2536323303C5}
	EndGlobalSection
EndGlobal
